
Microsoft Visual Studio Solution File, Format Version 12.00
# Visual Studio 15
VisualStudioVersion = 15.0.26228.9
MinimumVisualStudioVersion = 10.0.40219.1
Project("{FAE04EC0-301F-11D3-BF4B-00C04F79EFBC}") = "AverageMileKilometer", "ConsoleApp1\AverageMileKilometer.csproj", "{DCEF7EFF-CF25-4B23-8621-DB073116E864}"
EndProject
Global
	GlobalSection(SolutionConfigurationPlatforms) = preSolution
		Debug|Any CPU = Debug|Any CPU
		Release|Any CPU = Release|Any CPU
	EndGlobalSection
	GlobalSection(ProjectConfigurationPlatforms) = postSolution
		{DCEF7EFF-CF25-4B23-8621-DB073116E864}.Debug|Any CPU.ActiveCfg = Debug|Any CPU
		{DCEF7EFF-CF25-4B23-8621-DB073116E864}.Debug|Any CPU.Build.0 = Debug|Any CPU
		{DCEF7EFF-CF25-4B23-8621-DB073116E864}.Release|Any CPU.ActiveCfg = Release|Any CPU
		{DCEF7EFF-CF25-4B23-8621-DB073116E864}.Release|Any CPU.Build.0 = Release|Any CPU
	EndGlobalSection
	GlobalSection(SolutionProperties) = preSolution
		HideSolutionNode = FALSE
	EndGlobalSection
	GlobalSection(ExtensibilityGlobals) = postSolution
		SolutionGuid = {7CF910F7-E50D-4CA6-8DDE-BA9D95FBCA0B}
	EndGlobalSection
EndGlobal
